
Microsoft Visual Studio Solution File, Format Version 12.00
# Visual Studio Version 17
VisualStudioVersion = 17.0.31912.275
MinimumVisualStudioVersion = 10.0.40219.1
Project("{FAE04EC0-301F-11D3-BF4B-00C04F79EFBC}") = "Calculator", "Calculator.csproj", "{C198F1F8-A62A-49D7-BC5F-2249C679E2A2}"
EndProject
Global
	GlobalSection(SolutionConfigurationPlatforms) = preSolution
		Debug|Any CPU = Debug|Any CPU
		Release|Any CPU = Release|Any CPU
	EndGlobalSection
	GlobalSection(ProjectConfigurationPlatforms) = postSolution
		{C198F1F8-A62A-49D7-BC5F-2249C679E2A2}.Debug|Any CPU.ActiveCfg = Debug|Any CPU
		{C198F1F8-A62A-49D7-BC5F-2249C679E2A2}.Debug|Any CPU.Build.0 = Debug|Any CPU
		{C198F1F8-A62A-49D7-BC5F-2249C679E2A2}.Release|Any CPU.ActiveCfg = Release|Any CPU
		{C198F1F8-A62A-49D7-BC5F-2249C679E2A2}.Release|Any CPU.Build.0 = Release|Any CPU
	EndGlobalSection
	GlobalSection(SolutionProperties) = preSolution
		HideSolutionNode = FALSE
	EndGlobalSection
	GlobalSection(ExtensibilityGlobals) = postSolution
		SolutionGuid = {2DA7BDA7-89BD-41B3-B2B4-72D52DF6F09F}
	EndGlobalSection
EndGlobal
